
Microsoft Visual Studio Solution File, Format Version 12.00
# Visual Studio Version 16
VisualStudioVersion = 16.0.30611.23
MinimumVisualStudioVersion = 10.0.40219.1
Project("{2150E333-8FDC-42A3-9474-1A3956D46DE8}") = "Services", "Services", "{11B1DD43-748B-451F-A25D-16000DB96F62}"
EndProject
Project("{2150E333-8FDC-42A3-9474-1A3956D46DE8}") = "WebApps", "WebApps", "{589EB449-93B7-43A2-B30B-EB3F97969D95}"
EndProject
Project("{2150E333-8FDC-42A3-9474-1A3956D46DE8}") = "Catalogo", "Catalogo", "{3B5EF9B6-D41F-41CE-9CF5-34808FED60F7}"
EndProject
Project("{2150E333-8FDC-42A3-9474-1A3956D46DE8}") = "Core", "Core", "{C19E0D0D-3FB1-41CD-82CB-49146D43432B}"
EndProject
Project("{2150E333-8FDC-42A3-9474-1A3956D46DE8}") = "Cadastros", "Cadastros", "{FC79B323-2908-4ED2-B375-2E5CBC1B75A4}"
EndProject
Project("{2150E333-8FDC-42A3-9474-1A3956D46DE8}") = "Certificados", "Certificados", "{0C2F1E9A-9DF3-471E-854C-AF9A7117837F}"
EndProject
Project("{2150E333-8FDC-42A3-9474-1A3956D46DE8}") = "Matriculas", "Matriculas", "{F3358209-2448-4228-9757-206DCDE54903}"
EndProject
Project("{2150E333-8FDC-42A3-9474-1A3956D46DE8}") = "RealizarCurso", "RealizarCurso", "{8DA2CABA-4211-4370-BC7A-2535BB960CD0}"
EndProject
Project("{9A19103F-16F7-4668-BE54-9A1E7A4F7556}") = "LmsDDD.Catalogo.Domain", "src\LmsDDD.Catalogo.Domain\LmsDDD.Catalogo.Domain.csproj", "{2A568F8C-5EF0-4A0F-80CA-A986F41108EE}"
EndProject
Project("{9A19103F-16F7-4668-BE54-9A1E7A4F7556}") = "LmsDDD.Core", "src\LmsDDD.Core\LmsDDD.Core.csproj", "{50600CE1-8C56-47C2-90FD-E8FBDB94A2F0}"
EndProject
Project("{9A19103F-16F7-4668-BE54-9A1E7A4F7556}") = "LmsDDD.Catalogo.Data", "LmsDDD.Catalogo.Data\LmsDDD.Catalogo.Data.csproj", "{E35CF91D-ADF3-49C0-B950-DCBE3DD39DFF}"
EndProject
Project("{FAE04EC0-301F-11D3-BF4B-00C04F79EFBC}") = "LmsDDD.Cadastros.Domain", "src\LmsDDD.Cadastros.Domain\LmsDDD.Cadastros.Domain.csproj", "{8164F355-6E05-4951-9A5A-A580E907BB9D}"
EndProject
Global
	GlobalSection(SolutionConfigurationPlatforms) = preSolution
		Debug|Any CPU = Debug|Any CPU
		Release|Any CPU = Release|Any CPU
	EndGlobalSection
	GlobalSection(ProjectConfigurationPlatforms) = postSolution
		{2A568F8C-5EF0-4A0F-80CA-A986F41108EE}.Debug|Any CPU.ActiveCfg = Debug|Any CPU
		{2A568F8C-5EF0-4A0F-80CA-A986F41108EE}.Debug|Any CPU.Build.0 = Debug|Any CPU
		{2A568F8C-5EF0-4A0F-80CA-A986F41108EE}.Release|Any CPU.ActiveCfg = Release|Any CPU
		{2A568F8C-5EF0-4A0F-80CA-A986F41108EE}.Release|Any CPU.Build.0 = Release|Any CPU
		{50600CE1-8C56-47C2-90FD-E8FBDB94A2F0}.Debug|Any CPU.ActiveCfg = Debug|Any CPU
		{50600CE1-8C56-47C2-90FD-E8FBDB94A2F0}.Debug|Any CPU.Build.0 = Debug|Any CPU
		{50600CE1-8C56-47C2-90FD-E8FBDB94A2F0}.Release|Any CPU.ActiveCfg = Release|Any CPU
		{50600CE1-8C56-47C2-90FD-E8FBDB94A2F0}.Release|Any CPU.Build.0 = Release|Any CPU
		{E35CF91D-ADF3-49C0-B950-DCBE3DD39DFF}.Debug|Any CPU.ActiveCfg = Debug|Any CPU
		{E35CF91D-ADF3-49C0-B950-DCBE3DD39DFF}.Debug|Any CPU.Build.0 = Debug|Any CPU
		{E35CF91D-ADF3-49C0-B950-DCBE3DD39DFF}.Release|Any CPU.ActiveCfg = Release|Any CPU
		{E35CF91D-ADF3-49C0-B950-DCBE3DD39DFF}.Release|Any CPU.Build.0 = Release|Any CPU
		{8164F355-6E05-4951-9A5A-A580E907BB9D}.Debug|Any CPU.ActiveCfg = Debug|Any CPU
		{8164F355-6E05-4951-9A5A-A580E907BB9D}.Debug|Any CPU.Build.0 = Debug|Any CPU
		{8164F355-6E05-4951-9A5A-A580E907BB9D}.Release|Any CPU.ActiveCfg = Release|Any CPU
		{8164F355-6E05-4951-9A5A-A580E907BB9D}.Release|Any CPU.Build.0 = Release|Any CPU
	EndGlobalSection
	GlobalSection(SolutionProperties) = preSolution
		HideSolutionNode = FALSE
	EndGlobalSection
	GlobalSection(NestedProjects) = preSolution
		{3B5EF9B6-D41F-41CE-9CF5-34808FED60F7} = {11B1DD43-748B-451F-A25D-16000DB96F62}
		{C19E0D0D-3FB1-41CD-82CB-49146D43432B} = {11B1DD43-748B-451F-A25D-16000DB96F62}
		{FC79B323-2908-4ED2-B375-2E5CBC1B75A4} = {11B1DD43-748B-451F-A25D-16000DB96F62}
		{0C2F1E9A-9DF3-471E-854C-AF9A7117837F} = {11B1DD43-748B-451F-A25D-16000DB96F62}
		{F3358209-2448-4228-9757-206DCDE54903} = {11B1DD43-748B-451F-A25D-16000DB96F62}
		{8DA2CABA-4211-4370-BC7A-2535BB960CD0} = {11B1DD43-748B-451F-A25D-16000DB96F62}
		{2A568F8C-5EF0-4A0F-80CA-A986F41108EE} = {3B5EF9B6-D41F-41CE-9CF5-34808FED60F7}
		{50600CE1-8C56-47C2-90FD-E8FBDB94A2F0} = {C19E0D0D-3FB1-41CD-82CB-49146D43432B}
		{E35CF91D-ADF3-49C0-B950-DCBE3DD39DFF} = {3B5EF9B6-D41F-41CE-9CF5-34808FED60F7}
		{8164F355-6E05-4951-9A5A-A580E907BB9D} = {FC79B323-2908-4ED2-B375-2E5CBC1B75A4}
	EndGlobalSection
	GlobalSection(ExtensibilityGlobals) = postSolution
		SolutionGuid = {A0F9C782-F81B-4B23-B540-B82F487CC195}
	EndGlobalSection
EndGlobal
