
Microsoft Visual Studio Solution File, Format Version 12.00
# Visual Studio Version 16
VisualStudioVersion = 16.0.30611.23
MinimumVisualStudioVersion = 10.0.40219.1
Project("{2150E333-8FDC-42A3-9474-1A3956D46DE8}") = "Services", "Services", "{11B1DD43-748B-451F-A25D-16000DB96F62}"
EndProject
Project("{2150E333-8FDC-42A3-9474-1A3956D46DE8}") = "WebApps", "WebApps", "{589EB449-93B7-43A2-B30B-EB3F97969D95}"
EndProject
Project("{2150E333-8FDC-42A3-9474-1A3956D46DE8}") = "Catalogo", "Catalogo", "{3B5EF9B6-D41F-41CE-9CF5-34808FED60F7}"
EndProject
Project("{2150E333-8FDC-42A3-9474-1A3956D46DE8}") = "Core", "Core", "{C19E0D0D-3FB1-41CD-82CB-49146D43432B}"
EndProject
Project("{2150E333-8FDC-42A3-9474-1A3956D46DE8}") = "Cadastros", "Cadastros", "{FC79B323-2908-4ED2-B375-2E5CBC1B75A4}"
EndProject
Project("{2150E333-8FDC-42A3-9474-1A3956D46DE8}") = "Certificados", "Certificados", "{0C2F1E9A-9DF3-471E-854C-AF9A7117837F}"
EndProject
Project("{2150E333-8FDC-42A3-9474-1A3956D46DE8}") = "Matriculas", "Matriculas", "{F3358209-2448-4228-9757-206DCDE54903}"
EndProject
Project("{2150E333-8FDC-42A3-9474-1A3956D46DE8}") = "RealizarCurso", "RealizarCurso", "{8DA2CABA-4211-4370-BC7A-2535BB960CD0}"
EndProject
Project("{9A19103F-16F7-4668-BE54-9A1E7A4F7556}") = "LmsDDD.Catalogo.Domain", "src\LmsDDD.Catalogo.Domain\LmsDDD.Catalogo.Domain.csproj", "{2A568F8C-5EF0-4A0F-80CA-A986F41108EE}"
EndProject
Project("{9A19103F-16F7-4668-BE54-9A1E7A4F7556}") = "LmsDDD.Core", "src\LmsDDD.Core\LmsDDD.Core.csproj", "{50600CE1-8C56-47C2-90FD-E8FBDB94A2F0}"
EndProject
Project("{9A19103F-16F7-4668-BE54-9A1E7A4F7556}") = "LmsDDD.Cadastros.Domain", "src\LmsDDD.Cadastros.Domain\LmsDDD.Cadastros.Domain.csproj", "{8164F355-6E05-4951-9A5A-A580E907BB9D}"
EndProject
Project("{9A19103F-16F7-4668-BE54-9A1E7A4F7556}") = "LmsDDD.Infrastructure.Components", "src\LmsDDD.Infrastructure.Components\LmsDDD.Infrastructure.Components.csproj", "{BDBED18F-D981-45B7-87A3-336D40AEA348}"
EndProject
Project("{9A19103F-16F7-4668-BE54-9A1E7A4F7556}") = "LmsDDD.Catalogo.Data", "src\LmsDDD.Catalogo.Data\LmsDDD.Catalogo.Data.csproj", "{0BF84005-FCBF-4AE8-951D-C69C0B3404AC}"
EndProject
Project("{9A19103F-16F7-4668-BE54-9A1E7A4F7556}") = "LmsDDD.Cadastros.Data", "src\LmsDDD.Cadastros.Data\LmsDDD.Cadastros.Data.csproj", "{A0AA089E-E051-4F0A-B5E3-30E2FC65AC7F}"
EndProject
Project("{2150E333-8FDC-42A3-9474-1A3956D46DE8}") = "Tests", "Tests", "{9BA390E2-A436-448C-9382-E58A8620D069}"
EndProject
Project("{FAE04EC0-301F-11D3-BF4B-00C04F79EFBC}") = "LmsDDD.Catalogo.Domain.Tests", "tests\LmsDDD.Catalogo.Domain.Tests\LmsDDD.Catalogo.Domain.Tests.csproj", "{53DC739D-1F6E-4515-8EA2-C9B64E691456}"
EndProject
Project("{2150E333-8FDC-42A3-9474-1A3956D46DE8}") = "Autenticação", "Autenticação", "{2AEA78F2-AB96-4715-B14F-8406BC623123}"
EndProject
Project("{FAE04EC0-301F-11D3-BF4B-00C04F79EFBC}") = "LmsDDD.Autenticacao.Domain", "src\LmsDDD.Autenticacao.Domain\LmsDDD.Autenticacao.Domain.csproj", "{27E07615-30C9-4992-8661-F5DDEEE1816A}"
EndProject
Project("{FAE04EC0-301F-11D3-BF4B-00C04F79EFBC}") = "LmsDDD.Matricula.Domain", "src\LmsDDD.Matricula.Domain\LmsDDD.Matricula.Domain.csproj", "{84FB6697-823C-472A-9DE5-8ACB7D364F48}"
EndProject
Project("{FAE04EC0-301F-11D3-BF4B-00C04F79EFBC}") = "LmsDDD.Catalogo.Application", "src\LmsDDD.Catalogo.Application\LmsDDD.Catalogo.Application.csproj", "{31EF0DBF-6659-4495-969C-59C2922271E4}"
EndProject
Global
	GlobalSection(SolutionConfigurationPlatforms) = preSolution
		Debug|Any CPU = Debug|Any CPU
		Release|Any CPU = Release|Any CPU
	EndGlobalSection
	GlobalSection(ProjectConfigurationPlatforms) = postSolution
		{2A568F8C-5EF0-4A0F-80CA-A986F41108EE}.Debug|Any CPU.ActiveCfg = Debug|Any CPU
		{2A568F8C-5EF0-4A0F-80CA-A986F41108EE}.Debug|Any CPU.Build.0 = Debug|Any CPU
		{2A568F8C-5EF0-4A0F-80CA-A986F41108EE}.Release|Any CPU.ActiveCfg = Release|Any CPU
		{2A568F8C-5EF0-4A0F-80CA-A986F41108EE}.Release|Any CPU.Build.0 = Release|Any CPU
		{50600CE1-8C56-47C2-90FD-E8FBDB94A2F0}.Debug|Any CPU.ActiveCfg = Debug|Any CPU
		{50600CE1-8C56-47C2-90FD-E8FBDB94A2F0}.Debug|Any CPU.Build.0 = Debug|Any CPU
		{50600CE1-8C56-47C2-90FD-E8FBDB94A2F0}.Release|Any CPU.ActiveCfg = Release|Any CPU
		{50600CE1-8C56-47C2-90FD-E8FBDB94A2F0}.Release|Any CPU.Build.0 = Release|Any CPU
		{8164F355-6E05-4951-9A5A-A580E907BB9D}.Debug|Any CPU.ActiveCfg = Debug|Any CPU
		{8164F355-6E05-4951-9A5A-A580E907BB9D}.Debug|Any CPU.Build.0 = Debug|Any CPU
		{8164F355-6E05-4951-9A5A-A580E907BB9D}.Release|Any CPU.ActiveCfg = Release|Any CPU
		{8164F355-6E05-4951-9A5A-A580E907BB9D}.Release|Any CPU.Build.0 = Release|Any CPU
		{BDBED18F-D981-45B7-87A3-336D40AEA348}.Debug|Any CPU.ActiveCfg = Debug|Any CPU
		{BDBED18F-D981-45B7-87A3-336D40AEA348}.Debug|Any CPU.Build.0 = Debug|Any CPU
		{BDBED18F-D981-45B7-87A3-336D40AEA348}.Release|Any CPU.ActiveCfg = Release|Any CPU
		{BDBED18F-D981-45B7-87A3-336D40AEA348}.Release|Any CPU.Build.0 = Release|Any CPU
		{0BF84005-FCBF-4AE8-951D-C69C0B3404AC}.Debug|Any CPU.ActiveCfg = Debug|Any CPU
		{0BF84005-FCBF-4AE8-951D-C69C0B3404AC}.Debug|Any CPU.Build.0 = Debug|Any CPU
		{0BF84005-FCBF-4AE8-951D-C69C0B3404AC}.Release|Any CPU.ActiveCfg = Release|Any CPU
		{0BF84005-FCBF-4AE8-951D-C69C0B3404AC}.Release|Any CPU.Build.0 = Release|Any CPU
		{A0AA089E-E051-4F0A-B5E3-30E2FC65AC7F}.Debug|Any CPU.ActiveCfg = Debug|Any CPU
		{A0AA089E-E051-4F0A-B5E3-30E2FC65AC7F}.Debug|Any CPU.Build.0 = Debug|Any CPU
		{A0AA089E-E051-4F0A-B5E3-30E2FC65AC7F}.Release|Any CPU.ActiveCfg = Release|Any CPU
		{A0AA089E-E051-4F0A-B5E3-30E2FC65AC7F}.Release|Any CPU.Build.0 = Release|Any CPU
		{53DC739D-1F6E-4515-8EA2-C9B64E691456}.Debug|Any CPU.ActiveCfg = Debug|Any CPU
		{53DC739D-1F6E-4515-8EA2-C9B64E691456}.Debug|Any CPU.Build.0 = Debug|Any CPU
		{53DC739D-1F6E-4515-8EA2-C9B64E691456}.Release|Any CPU.ActiveCfg = Release|Any CPU
		{53DC739D-1F6E-4515-8EA2-C9B64E691456}.Release|Any CPU.Build.0 = Release|Any CPU
		{27E07615-30C9-4992-8661-F5DDEEE1816A}.Debug|Any CPU.ActiveCfg = Debug|Any CPU
		{27E07615-30C9-4992-8661-F5DDEEE1816A}.Debug|Any CPU.Build.0 = Debug|Any CPU
		{27E07615-30C9-4992-8661-F5DDEEE1816A}.Release|Any CPU.ActiveCfg = Release|Any CPU
		{27E07615-30C9-4992-8661-F5DDEEE1816A}.Release|Any CPU.Build.0 = Release|Any CPU
		{84FB6697-823C-472A-9DE5-8ACB7D364F48}.Debug|Any CPU.ActiveCfg = Debug|Any CPU
		{84FB6697-823C-472A-9DE5-8ACB7D364F48}.Debug|Any CPU.Build.0 = Debug|Any CPU
		{84FB6697-823C-472A-9DE5-8ACB7D364F48}.Release|Any CPU.ActiveCfg = Release|Any CPU
		{84FB6697-823C-472A-9DE5-8ACB7D364F48}.Release|Any CPU.Build.0 = Release|Any CPU
		{31EF0DBF-6659-4495-969C-59C2922271E4}.Debug|Any CPU.ActiveCfg = Debug|Any CPU
		{31EF0DBF-6659-4495-969C-59C2922271E4}.Debug|Any CPU.Build.0 = Debug|Any CPU
		{31EF0DBF-6659-4495-969C-59C2922271E4}.Release|Any CPU.ActiveCfg = Release|Any CPU
		{31EF0DBF-6659-4495-969C-59C2922271E4}.Release|Any CPU.Build.0 = Release|Any CPU
	EndGlobalSection
	GlobalSection(SolutionProperties) = preSolution
		HideSolutionNode = FALSE
	EndGlobalSection
	GlobalSection(NestedProjects) = preSolution
		{3B5EF9B6-D41F-41CE-9CF5-34808FED60F7} = {11B1DD43-748B-451F-A25D-16000DB96F62}
		{C19E0D0D-3FB1-41CD-82CB-49146D43432B} = {11B1DD43-748B-451F-A25D-16000DB96F62}
		{FC79B323-2908-4ED2-B375-2E5CBC1B75A4} = {11B1DD43-748B-451F-A25D-16000DB96F62}
		{0C2F1E9A-9DF3-471E-854C-AF9A7117837F} = {11B1DD43-748B-451F-A25D-16000DB96F62}
		{F3358209-2448-4228-9757-206DCDE54903} = {11B1DD43-748B-451F-A25D-16000DB96F62}
		{8DA2CABA-4211-4370-BC7A-2535BB960CD0} = {11B1DD43-748B-451F-A25D-16000DB96F62}
		{2A568F8C-5EF0-4A0F-80CA-A986F41108EE} = {3B5EF9B6-D41F-41CE-9CF5-34808FED60F7}
		{50600CE1-8C56-47C2-90FD-E8FBDB94A2F0} = {C19E0D0D-3FB1-41CD-82CB-49146D43432B}
		{8164F355-6E05-4951-9A5A-A580E907BB9D} = {FC79B323-2908-4ED2-B375-2E5CBC1B75A4}
		{BDBED18F-D981-45B7-87A3-336D40AEA348} = {C19E0D0D-3FB1-41CD-82CB-49146D43432B}
		{0BF84005-FCBF-4AE8-951D-C69C0B3404AC} = {3B5EF9B6-D41F-41CE-9CF5-34808FED60F7}
		{A0AA089E-E051-4F0A-B5E3-30E2FC65AC7F} = {FC79B323-2908-4ED2-B375-2E5CBC1B75A4}
		{9BA390E2-A436-448C-9382-E58A8620D069} = {3B5EF9B6-D41F-41CE-9CF5-34808FED60F7}
		{53DC739D-1F6E-4515-8EA2-C9B64E691456} = {9BA390E2-A436-448C-9382-E58A8620D069}
		{2AEA78F2-AB96-4715-B14F-8406BC623123} = {11B1DD43-748B-451F-A25D-16000DB96F62}
		{27E07615-30C9-4992-8661-F5DDEEE1816A} = {2AEA78F2-AB96-4715-B14F-8406BC623123}
		{84FB6697-823C-472A-9DE5-8ACB7D364F48} = {F3358209-2448-4228-9757-206DCDE54903}
		{31EF0DBF-6659-4495-969C-59C2922271E4} = {3B5EF9B6-D41F-41CE-9CF5-34808FED60F7}
	EndGlobalSection
	GlobalSection(ExtensibilityGlobals) = postSolution
		SolutionGuid = {A0F9C782-F81B-4B23-B540-B82F487CC195}
	EndGlobalSection
EndGlobal
